
Microsoft Visual Studio Solution File, Format Version 12.00
# Visual Studio Version 17
VisualStudioVersion = 17.8.34330.188
MinimumVisualStudioVersion = 10.0.40219.1
Project("{FAE04EC0-301F-11D3-BF4B-00C04F79EFBC}") = "ProductGrpc", "ProductGrpc\ProductGrpc.csproj", "{2A93B8B2-0AE7-4649-853A-47C355353195}"
EndProject
Project("{FAE04EC0-301F-11D3-BF4B-00C04F79EFBC}") = "ProductGrpcClient", "ProductGrpcClient\ProductGrpcClient.csproj", "{A55D5E50-A96B-408F-B040-68175DAB3E04}"
EndProject
Global
	GlobalSection(SolutionConfigurationPlatforms) = preSolution
		Debug|Any CPU = Debug|Any CPU
		Release|Any CPU = Release|Any CPU
	EndGlobalSection
	GlobalSection(ProjectConfigurationPlatforms) = postSolution
		{2A93B8B2-0AE7-4649-853A-47C355353195}.Debug|Any CPU.ActiveCfg = Debug|Any CPU
		{2A93B8B2-0AE7-4649-853A-47C355353195}.Debug|Any CPU.Build.0 = Debug|Any CPU
		{2A93B8B2-0AE7-4649-853A-47C355353195}.Release|Any CPU.ActiveCfg = Release|Any CPU
		{2A93B8B2-0AE7-4649-853A-47C355353195}.Release|Any CPU.Build.0 = Release|Any CPU
		{A55D5E50-A96B-408F-B040-68175DAB3E04}.Debug|Any CPU.ActiveCfg = Debug|Any CPU
		{A55D5E50-A96B-408F-B040-68175DAB3E04}.Debug|Any CPU.Build.0 = Debug|Any CPU
		{A55D5E50-A96B-408F-B040-68175DAB3E04}.Release|Any CPU.ActiveCfg = Release|Any CPU
		{A55D5E50-A96B-408F-B040-68175DAB3E04}.Release|Any CPU.Build.0 = Release|Any CPU
	EndGlobalSection
	GlobalSection(SolutionProperties) = preSolution
		HideSolutionNode = FALSE
	EndGlobalSection
	GlobalSection(ExtensibilityGlobals) = postSolution
		SolutionGuid = {2812E136-B19F-4320-A6E0-0CD626875651}
	EndGlobalSection
EndGlobal
