
Microsoft Visual Studio Solution File, Format Version 12.00
# Visual Studio Version 17
VisualStudioVersion = 17.8.34330.188
MinimumVisualStudioVersion = 10.0.40219.1
Project("{FAE04EC0-301F-11D3-BF4B-00C04F79EFBC}") = "GrpcServer", "GrpcServer\GrpcServer.csproj", "{EE68E0F5-ECF9-4CCD-BC4B-682FAA12EAAB}"
EndProject
Project("{FAE04EC0-301F-11D3-BF4B-00C04F79EFBC}") = "GrpcStreamingClient", "GrpcStreamingClient\GrpcStreamingClient.csproj", "{652C08C7-8232-43FB-9671-127B2A0BB8C7}"
EndProject
Global
	GlobalSection(SolutionConfigurationPlatforms) = preSolution
		Debug|Any CPU = Debug|Any CPU
		Release|Any CPU = Release|Any CPU
	EndGlobalSection
	GlobalSection(ProjectConfigurationPlatforms) = postSolution
		{EE68E0F5-ECF9-4CCD-BC4B-682FAA12EAAB}.Debug|Any CPU.ActiveCfg = Debug|Any CPU
		{EE68E0F5-ECF9-4CCD-BC4B-682FAA12EAAB}.Debug|Any CPU.Build.0 = Debug|Any CPU
		{EE68E0F5-ECF9-4CCD-BC4B-682FAA12EAAB}.Release|Any CPU.ActiveCfg = Release|Any CPU
		{EE68E0F5-ECF9-4CCD-BC4B-682FAA12EAAB}.Release|Any CPU.Build.0 = Release|Any CPU
		{652C08C7-8232-43FB-9671-127B2A0BB8C7}.Debug|Any CPU.ActiveCfg = Debug|Any CPU
		{652C08C7-8232-43FB-9671-127B2A0BB8C7}.Debug|Any CPU.Build.0 = Debug|Any CPU
		{652C08C7-8232-43FB-9671-127B2A0BB8C7}.Release|Any CPU.ActiveCfg = Release|Any CPU
		{652C08C7-8232-43FB-9671-127B2A0BB8C7}.Release|Any CPU.Build.0 = Release|Any CPU
	EndGlobalSection
	GlobalSection(SolutionProperties) = preSolution
		HideSolutionNode = FALSE
	EndGlobalSection
	GlobalSection(ExtensibilityGlobals) = postSolution
		SolutionGuid = {7739A1DA-95EB-40D5-B503-B07A4D06677A}
	EndGlobalSection
EndGlobal
